// !$*UTF8*$!
{
	archiveVersion = 1;
	classes = {
	};
	objectVersion = 46;
	objects = {

/* Begin PBXBuildFile section */
		3C8769301F70E32B00681E57 /* AppDelegate.swift in Sources */ = {isa = PBXBuildFile; fileRef = 3C87692F1F70E32B00681E57 /* AppDelegate.swift */; };
		3C8769321F70E32B00681E57 /* ViewController.swift in Sources */ = {isa = PBXBuildFile; fileRef = 3C8769311F70E32B00681E57 /* ViewController.swift */; };
		3C8769351F70E32B00681E57 /* Main.storyboard in Resources */ = {isa = PBXBuildFile; fileRef = 3C8769331F70E32B00681E57 /* Main.storyboard */; };
		3C8769371F70E32B00681E57 /* Assets.xcassets in Resources */ = {isa = PBXBuildFile; fileRef = 3C8769361F70E32B00681E57 /* Assets.xcassets */; };
		3C87693A1F70E32B00681E57 /* LaunchScreen.storyboard in Resources */ = {isa = PBXBuildFile; fileRef = 3C8769381F70E32B00681E57 /* LaunchScreen.storyboard */; };
		3C8769431F70E3BB00681E57 /* MapKit.framework in Frameworks */ = {isa = PBXBuildFile; fileRef = 3C8769421F70E3BB00681E57 /* MapKit.framework */; };
		3C8769451F70E74000681E57 /* ViewPoint2.plist in Resources */ = {isa = PBXBuildFile; fileRef = 3C8769441F70E74000681E57 /* ViewPoint2.plist */; };
/* End PBXBuildFile section */

/* Begin PBXFileReference section */
		3C87692C1F70E32B00681E57 /* MapPin03.app */ = {isa = PBXFileReference; explicitFileType = wrapper.application; includeInIndex = 0; path = MapPin03.app; sourceTree = BUILT_PRODUCTS_DIR; };
		3C87692F1F70E32B00681E57 /* AppDelegate.swift */ = {isa = PBXFileReference; lastKnownFileType = sourcecode.swift; path = AppDelegate.swift; sourceTree = "<group>"; };
		3C8769311F70E32B00681E57 /* ViewController.swift */ = {isa = PBXFileReference; lastKnownFileType = sourcecode.swift; path = ViewController.swift; sourceTree = "<group>"; };
		3C8769341F70E32B00681E57 /* Base */ = {isa = PBXFileReference; lastKnownFileType = file.storyboard; name = Base; path = Base.lproj/Main.storyboard; sourceTree = "<group>"; };
		3C8769361F70E32B00681E57 /* Assets.xcassets */ = {isa = PBXFileReference; lastKnownFileType = folder.assetcatalog; path = Assets.xcassets; sourceTree = "<group>"; };
		3C8769391F70E32B00681E57 /* Base */ = {isa = PBXFileReference; lastKnownFileType = file.storyboard; name = Base; path = Base.lproj/LaunchScreen.storyboard; sourceTree = "<group>"; };
		3C87693B1F70E32B00681E57 /* Info.plist */ = {isa = PBXFileReference; lastKnownFileType = text.plist.xml; path = Info.plist; sourceTree = "<group>"; };
		3C8769421F70E3BB00681E57 /* MapKit.framework */ = {isa = PBXFileReference; lastKnownFileType = wrapper.framework; name = MapKit.framework; path = System/Library/Frameworks/MapKit.framework; sourceTree = SDKROOT; };
		3C8769441F70E74000681E57 /* ViewPoint2.plist */ = {isa = PBXFileReference; fileEncoding = 4; lastKnownFileType = text.plist.xml; name = ViewPoint2.plist; path = "../../../../Downloads/MapPinPList-master 2/MapPinPLiist/ViewPoint2.plist"; sourceTree = "<group>"; };
/* End PBXFileReference section */

/* Begin PBXFrameworksBuildPhase section */
		3C8769291F70E32B00681E57 /* Frameworks */ = {
			isa = PBXFrameworksBuildPhase;
			buildActionMask = 2147483647;
			files = (
				3C8769431F70E3BB00681E57 /* MapKit.framework in Frameworks */,
			);
			runOnlyForDeploymentPostprocessing = 0;
		};
/* End PBXFrameworksBuildPhase section */

/* Begin PBXGroup section */
		3C8769231F70E32B00681E57 = {
			isa = PBXGroup;
			children = (
				3C87692E1F70E32B00681E57 /* MapPin03 */,
				3C87692D1F70E32B00681E57 /* Products */,
				3C8769411F70E3BB00681E57 /* Frameworks */,
			);
			sourceTree = "<group>";
		};
		3C87692D1F70E32B00681E57 /* Products */ = {
			isa = PBXGroup;
			children = (
				3C87692C1F70E32B00681E57 /* MapPin03.app */,
			);
			name = Products;
			sourceTree = "<group>";
		};
		3C87692E1F70E32B00681E57 /* MapPin03 */ = {
			isa = PBXGroup;
			children = (
				3C87692F1F70E32B00681E57 /* AppDelegate.swift */,
				3C8769311F70E32B00681E57 /* ViewController.swift */,
				3C8769441F70E74000681E57 /* ViewPoint2.plist */,
				3C8769331F70E32B00681E57 /* Main.storyboard */,
				3C8769361F70E32B00681E57 /* Assets.xcassets */,
				3C8769381F70E32B00681E57 /* LaunchScreen.storyboard */,
				3C87693B1F70E32B00681E57 /* Info.plist */,
			);
			path = MapPin03;
			sourceTree = "<group>";
		};
		3C8769411F70E3BB00681E57 /* Frameworks */ = {
			isa = PBXGroup;
			children = (
				3C8769421F70E3BB00681E57 /* MapKit.framework */,
			);
			name = Frameworks;
			sourceTree = "<group>";
		};
/* End PBXGroup section */

/* Begin PBXNativeTarget section */
		3C87692B1F70E32B00681E57 /* MapPin03 */ = {
			isa = PBXNativeTarget;
			buildConfigurationList = 3C87693E1F70E32B00681E57 /* Build configuration list for PBXNativeTarget "MapPin03" */;
			buildPhases = (
				3C8769281F70E32B00681E57 /* Sources */,
				3C8769291F70E32B00681E57 /* Frameworks */,
				3C87692A1F70E32B00681E57 /* Resources */,
			);
			buildRules = (
			);
			dependencies = (
			);
			name = MapPin03;
			productName = MapPin03;
			productReference = 3C87692C1F70E32B00681E57 /* MapPin03.app */;
			productType = "com.apple.product-type.application";
		};
/* End PBXNativeTarget section */

/* Begin PBXProject section */
		3C8769241F70E32B00681E57 /* Project object */ = {
			isa = PBXProject;
			attributes = {
				LastSwiftUpdateCheck = 0830;
				LastUpgradeCheck = 0830;
				ORGANIZATIONNAME = D7703_18;
				TargetAttributes = {
					3C87692B1F70E32B00681E57 = {
						CreatedOnToolsVersion = 8.3.3;
						ProvisioningStyle = Automatic;
					};
				};
			};
			buildConfigurationList = 3C8769271F70E32B00681E57 /* Build configuration list for PBXProject "MapPin03" */;
			compatibilityVersion = "Xcode 3.2";
			developmentRegion = English;
			hasScannedForEncodings = 0;
			knownRegions = (
				en,
				Base,
			);
			mainGroup = 3C8769231F70E32B00681E57;
			productRefGroup = 3C87692D1F70E32B00681E57 /* Products */;
			projectDirPath = "";
			projectRoot = "";
			targets = (
				3C87692B1F70E32B00681E57 /* MapPin03 */,
			);
		};
/* End PBXProject section */

/* Begin PBXResourcesBuildPhase section */
		3C87692A1F70E32B00681E57 /* Resources */ = {
			isa = PBXResourcesBuildPhase;
			buildActionMask = 2147483647;
			files = (
				3C87693A1F70E32B00681E57 /* LaunchScreen.storyboard in Resources */,
				3C8769451F70E74000681E57 /* ViewPoint2.plist in Resources */,
				3C8769371F70E32B00681E57 /* Assets.xcassets in Resources */,
				3C8769351F70E32B00681E57 /* Main.storyboard in Resources */,
			);
			runOnlyForDeploymentPostprocessing = 0;
		};
/* End PBXResourcesBuildPhase section */

/* Begin PBXSourcesBuildPhase section */
		3C8769281F70E32B00681E57 /* Sources */ = {
			isa = PBXSourcesBuildPhase;
			buildActionMask = 2147483647;
			files = (
				3C8769321F70E32B00681E57 /* ViewController.swift in Sources */,
				3C8769301F70E32B00681E57 /* AppDelegate.swift in Sources */,
			);
			runOnlyForDeploymentPostprocessing = 0;
		};
/* End PBXSourcesBuildPhase section */

/* Begin PBXVariantGroup section */
		3C8769331F70E32B00681E57 /* Main.storyboard */ = {
			isa = PBXVariantGroup;
			children = (
				3C8769341F70E32B00681E57 /* Base */,
			);
			name = Main.storyboard;
			sourceTree = "<group>";
		};
		3C8769381F70E32B00681E57 /* LaunchScreen.storyboard */ = {
			isa = PBXVariantGroup;
			children = (
				3C8769391F70E32B00681E57 /* Base */,
			);
			name = LaunchScreen.storyboard;
			sourceTree = "<group>";
		};
/* End PBXVariantGroup section */

/* Begin XCBuildConfiguration section */
		3C87693C1F70E32B00681E57 /* Debug */ = {
			isa = XCBuildConfiguration;
			buildSettings = {
				ALWAYS_SEARCH_USER_PATHS = NO;
				CLANG_ANALYZER_NONNULL = YES;
				CLANG_ANALYZER_NUMBER_OBJECT_CONVERSION = YES_AGGRESSIVE;
				CLANG_CXX_LANGUAGE_STANDARD = "gnu++0x";
				CLANG_CXX_LIBRARY = "libc++";
				CLANG_ENABLE_MODULES = YES;
				CLANG_ENABLE_OBJC_ARC = YES;
				CLANG_WARN_BOOL_CONVERSION = YES;
				CLANG_WARN_CONSTANT_CONVERSION = YES;
				CLANG_WARN_DIRECT_OBJC_ISA_USAGE = YES_ERROR;
				CLANG_WARN_DOCUMENTATION_COMMENTS = YES;
				CLANG_WARN_EMPTY_BODY = YES;
				CLANG_WARN_ENUM_CONVERSION = YES;
				CLANG_WARN_INFINITE_RECURSION = YES;
				CLANG_WARN_INT_CONVERSION = YES;
				CLANG_WARN_OBJC_ROOT_CLASS = YES_ERROR;
				CLANG_WARN_SUSPICIOUS_MOVE = YES;
				CLANG_WARN_UNREACHABLE_CODE = YES;
				CLANG_WARN__DUPLICATE_METHOD_MATCH = YES;
				"CODE_SIGN_IDENTITY[sdk=iphoneos*]" = "iPhone Developer";
				COPY_PHASE_STRIP = NO;
				DEBUG_INFORMATION_FORMAT = dwarf;
				ENABLE_STRICT_OBJC_MSGSEND = YES;
				ENABLE_TESTABILITY = YES;
				GCC_C_LANGUAGE_STANDARD = gnu99;
				GCC_DYNAMIC_NO_PIC = NO;
				GCC_NO_COMMON_BLOCKS = YES;
				GCC_OPTIMIZATION_LEVEL = 0;
				GCC_PREPROCESSOR_DEFINITIONS = (
					"DEBUG=1",
					"$(inherited)",
				);
				GCC_WARN_64_TO_32_BIT_CONVERSION = YES;
				GCC_WARN_ABOUT_RETURN_TYPE = YES_ERROR;
				GCC_WARN_UNDECLARED_SELECTOR = YES;
				GCC_WARN_UNINITIALIZED_AUTOS = YES_AGGRESSIVE;
				GCC_WARN_UNUSED_FUNCTION = YES;
				GCC_WARN_UNUSED_VARIABLE = YES;
				IPHONEOS_DEPLOYMENT_TARGET = 10.3;
				MTL_ENABLE_DEBUG_INFO = YES;
				ONLY_ACTIVE_ARCH = YES;
				SDKROOT = iphoneos;
				SWIFT_ACTIVE_COMPILATION_CONDITIONS = DEBUG;
				SWIFT_OPTIMIZATION_LEVEL = "-Onone";
			};
			name = Debug;
		};
		3C87693D1F70E32B00681E57 /* Release */ = {
			isa = XCBuildConfiguration;
			buildSettings = {
				ALWAYS_SEARCH_USER_PATHS = NO;
				CLANG_ANALYZER_NONNULL = YES;
				CLANG_ANALYZER_NUMBER_OBJECT_CONVERSION = YES_AGGRESSIVE;
				CLANG_CXX_LANGUAGE_STANDARD = "gnu++0x";
				CLANG_CXX_LIBRARY = "libc++";
				CLANG_ENABLE_MODULES = YES;
				CLANG_ENABLE_OBJC_ARC = YES;
				CLANG_WARN_BOOL_CONVERSION = YES;
				CLANG_WARN_CONSTANT_CONVERSION = YES;
				CLANG_WARN_DIRECT_OBJC_ISA_USAGE = YES_ERROR;
				CLANG_WARN_DOCUMENTATION_COMMENTS = YES;
				CLANG_WARN_EMPTY_BODY = YES;
				CLANG_WARN_ENUM_CONVERSION = YES;
				CLANG_WARN_INFINITE_RECURSION = YES;
				CLANG_WARN_INT_CONVERSION = YES;
				CLANG_WARN_OBJC_ROOT_CLASS = YES_ERROR;
				CLANG_WARN_SUSPICIOUS_MOVE = YES;
				CLANG_WARN_UNREACHABLE_CODE = YES;
				CLANG_WARN__DUPLICATE_METHOD_MATCH = YES;
				"CODE_SIGN_IDENTITY[sdk=iphoneos*]" = "iPhone Developer";
				COPY_PHASE_STRIP = NO;
				DEBUG_INFORMATION_FORMAT = "dwarf-with-dsym";
				ENABLE_NS_ASSERTIONS = NO;
				ENABLE_STRICT_OBJC_MSGSEND = YES;
				GCC_C_LANGUAGE_STANDARD = gnu99;
				GCC_NO_COMMON_BLOCKS = YES;
				GCC_WARN_64_TO_32_BIT_CONVERSION = YES;
				GCC_WARN_ABOUT_RETURN_TYPE = YES_ERROR;
				GCC_WARN_UNDECLARED_SELECTOR = YES;
				GCC_WARN_UNINITIALIZED_AUTOS = YES_AGGRESSIVE;
				GCC_WARN_UNUSED_FUNCTION = YES;
				GCC_WARN_UNUSED_VARIABLE = YES;
				IPHONEOS_DEPLOYMENT_TARGET = 10.3;
				MTL_ENABLE_DEBUG_INFO = NO;
				SDKROOT = iphoneos;
				SWIFT_OPTIMIZATION_LEVEL = "-Owholemodule";
				VALIDATE_PRODUCT = YES;
			};
			name = Release;
		};
		3C87693F1F70E32B00681E57 /* Debug */ = {
			isa = XCBuildConfiguration;
			buildSettings = {
				ASSETCATALOG_COMPILER_APPICON_NAME = AppIcon;
				INFOPLIST_FILE = MapPin03/Info.plist;
				LD_RUNPATH_SEARCH_PATHS = "$(inherited) @executable_path/Frameworks";
				PRODUCT_BUNDLE_IDENTIFIER = "-1.MapPin03";
				PRODUCT_NAME = "$(TARGET_NAME)";
				SWIFT_VERSION = 3.0;
			};
			name = Debug;
		};
		3C8769401F70E32B00681E57 /* Release */ = {
			isa = XCBuildConfiguration;
			buildSettings = {
				ASSETCATALOG_COMPILER_APPICON_NAME = AppIcon;
				INFOPLIST_FILE = MapPin03/Info.plist;
				LD_RUNPATH_SEARCH_PATHS = "$(inherited) @executable_path/Frameworks";
				PRODUCT_BUNDLE_IDENTIFIER = "-1.MapPin03";
				PRODUCT_NAME = "$(TARGET_NAME)";
				SWIFT_VERSION = 3.0;
			};
			name = Release;
		};
/* End XCBuildConfiguration section */

/* Begin XCConfigurationList section */
		3C8769271F70E32B00681E57 /* Build configuration list for PBXProject "MapPin03" */ = {
			isa = XCConfigurationList;
			buildConfigurations = (
				3C87693C1F70E32B00681E57 /* Debug */,
				3C87693D1F70E32B00681E57 /* Release */,
			);
			defaultConfigurationIsVisible = 0;
			defaultConfigurationName = Release;
		};
		3C87693E1F70E32B00681E57 /* Build configuration list for PBXNativeTarget "MapPin03" */ = {
			isa = XCConfigurationList;
			buildConfigurations = (
				3C87693F1F70E32B00681E57 /* Debug */,
				3C8769401F70E32B00681E57 /* Release */,
			);
			defaultConfigurationIsVisible = 0;
		};
/* End XCConfigurationList section */
	};
	rootObject = 3C8769241F70E32B00681E57 /* Project object */;
}
